
Microsoft Visual Studio Solution File, Format Version 12.00
# Visual Studio Version 17
VisualStudioVersion = 17.13.35825.156 d17.13
MinimumVisualStudioVersion = 10.0.40219.1
Project("{FAE04EC0-301F-11D3-BF4B-00C04F79EFBC}") = "EnumStagioni", "EnumStagioni\EnumStagioni.csproj", "{1B30984D-9CEF-4D55-B7DF-A568ED8DF14B}"
EndProject
Global
	GlobalSection(SolutionConfigurationPlatforms) = preSolution
		Debug|Any CPU = Debug|Any CPU
		Release|Any CPU = Release|Any CPU
	EndGlobalSection
	GlobalSection(ProjectConfigurationPlatforms) = postSolution
		{1B30984D-9CEF-4D55-B7DF-A568ED8DF14B}.Debug|Any CPU.ActiveCfg = Debug|Any CPU
		{1B30984D-9CEF-4D55-B7DF-A568ED8DF14B}.Debug|Any CPU.Build.0 = Debug|Any CPU
		{1B30984D-9CEF-4D55-B7DF-A568ED8DF14B}.Release|Any CPU.ActiveCfg = Release|Any CPU
		{1B30984D-9CEF-4D55-B7DF-A568ED8DF14B}.Release|Any CPU.Build.0 = Release|Any CPU
	EndGlobalSection
	GlobalSection(SolutionProperties) = preSolution
		HideSolutionNode = FALSE
	EndGlobalSection
	GlobalSection(ExtensibilityGlobals) = postSolution
		SolutionGuid = {2F0BE892-D552-4094-A307-87BE2292A75F}
	EndGlobalSection
EndGlobal
